// !$*UTF8*$!
{
	archiveVersion = 1;
	classes = {
	};
	objectVersion = 46;
	objects = {

/* Begin PBXBuildFile section */
		2347DCB51D954D3200C311D8 /* Tapptitude.framework in Frameworks */ = {isa = PBXBuildFile; fileRef = 2347DCB41D954D2900C311D8 /* Tapptitude.framework */; };
		2355FF9B1CA3350D00D7B393 /* TextCell.xib in Resources */ = {isa = PBXBuildFile; fileRef = 2355FF9A1CA3350D00D7B393 /* TextCell.xib */; };
		2355FF9D1CA3355F00D7B393 /* TextCell.swift in Sources */ = {isa = PBXBuildFile; fileRef = 2355FF9C1CA3355F00D7B393 /* TextCell.swift */; };
		2355FF9F1CA3367900D7B393 /* TextCellController.swift in Sources */ = {isa = PBXBuildFile; fileRef = 2355FF9E1CA3367900D7B393 /* TextCellController.swift */; };
		23670E6C1DF95FDE0059D5AA /* ParallelFeedController.swift in Sources */ = {isa = PBXBuildFile; fileRef = 23670E6B1DF95FDE0059D5AA /* ParallelFeedController.swift */; };
		2393482C1CA5D268005EB280 /* API.swift in Sources */ = {isa = PBXBuildFile; fileRef = 2393482B1CA5D268005EB280 /* API.swift */; };
		23A550DA1C78A1BC00695BF3 /* AppDelegate.swift in Sources */ = {isa = PBXBuildFile; fileRef = 23A550D91C78A1BC00695BF3 /* AppDelegate.swift */; };
		23A550DF1C78A1BC00695BF3 /* Main.storyboard in Resources */ = {isa = PBXBuildFile; fileRef = 23A550DD1C78A1BC00695BF3 /* Main.storyboard */; };
		23A550E11C78A1BC00695BF3 /* Assets.xcassets in Resources */ = {isa = PBXBuildFile; fileRef = 23A550E01C78A1BC00695BF3 /* Assets.xcassets */; };
		23A550E41C78A1BC00695BF3 /* LaunchScreen.storyboard in Resources */ = {isa = PBXBuildFile; fileRef = 23A550E21C78A1BC00695BF3 /* LaunchScreen.storyboard */; };
		23A551111C78A32300695BF3 /* FeedController.swift in Sources */ = {isa = PBXBuildFile; fileRef = 23A551101C78A32300695BF3 /* FeedController.swift */; };
/* End PBXBuildFile section */

/* Begin PBXContainerItemProxy section */
		2347DCB31D954D2900C311D8 /* PBXContainerItemProxy */ = {
			isa = PBXContainerItemProxy;
			containerPortal = 2347DCAF1D954D2900C311D8 /* Tapptitude.xcodeproj */;
			proxyType = 2;
			remoteGlobalIDString = 234ECBEF1C747FE800135CF9;
			remoteInfo = Tapptitude;
		};
/* End PBXContainerItemProxy section */

/* Begin PBXFileReference section */
		2347DCAF1D954D2900C311D8 /* Tapptitude.xcodeproj */ = {isa = PBXFileReference; lastKnownFileType = "wrapper.pb-project"; name = Tapptitude.xcodeproj; path = ../Tapptitude.xcodeproj; sourceTree = "<group>"; };
		2355FF9A1CA3350D00D7B393 /* TextCell.xib */ = {isa = PBXFileReference; fileEncoding = 4; lastKnownFileType = file.xib; path = TextCell.xib; sourceTree = "<group>"; };
		2355FF9C1CA3355F00D7B393 /* TextCell.swift */ = {isa = PBXFileReference; fileEncoding = 4; lastKnownFileType = sourcecode.swift; path = TextCell.swift; sourceTree = "<group>"; };
		2355FF9E1CA3367900D7B393 /* TextCellController.swift */ = {isa = PBXFileReference; fileEncoding = 4; lastKnownFileType = sourcecode.swift; path = TextCellController.swift; sourceTree = "<group>"; };
		23670E6B1DF95FDE0059D5AA /* ParallelFeedController.swift */ = {isa = PBXFileReference; fileEncoding = 4; lastKnownFileType = sourcecode.swift; path = ParallelFeedController.swift; sourceTree = "<group>"; };
		2393482B1CA5D268005EB280 /* API.swift */ = {isa = PBXFileReference; fileEncoding = 4; lastKnownFileType = sourcecode.swift; path = API.swift; sourceTree = "<group>"; };
		23A550D61C78A1BB00695BF3 /* TestTapptitude.app */ = {isa = PBXFileReference; explicitFileType = wrapper.application; includeInIndex = 0; path = TestTapptitude.app; sourceTree = BUILT_PRODUCTS_DIR; };
		23A550D91C78A1BC00695BF3 /* AppDelegate.swift */ = {isa = PBXFileReference; lastKnownFileType = sourcecode.swift; path = AppDelegate.swift; sourceTree = "<group>"; };
		23A550DE1C78A1BC00695BF3 /* Base */ = {isa = PBXFileReference; lastKnownFileType = file.storyboard; name = Base; path = Base.lproj/Main.storyboard; sourceTree = "<group>"; };
		23A550E01C78A1BC00695BF3 /* Assets.xcassets */ = {isa = PBXFileReference; lastKnownFileType = folder.assetcatalog; path = Assets.xcassets; sourceTree = "<group>"; };
		23A550E31C78A1BC00695BF3 /* Base */ = {isa = PBXFileReference; lastKnownFileType = file.storyboard; name = Base; path = Base.lproj/LaunchScreen.storyboard; sourceTree = "<group>"; };
		23A550E51C78A1BC00695BF3 /* Info.plist */ = {isa = PBXFileReference; lastKnownFileType = text.plist.xml; path = Info.plist; sourceTree = "<group>"; };
		23A551101C78A32300695BF3 /* FeedController.swift */ = {isa = PBXFileReference; fileEncoding = 4; lastKnownFileType = sourcecode.swift; path = FeedController.swift; sourceTree = "<group>"; };
		B42782466A469DCD51ADB03C /* Pods.framework */ = {isa = PBXFileReference; explicitFileType = wrapper.framework; includeInIndex = 0; path = Pods.framework; sourceTree = BUILT_PRODUCTS_DIR; };
/* End PBXFileReference section */

/* Begin PBXFrameworksBuildPhase section */
		23A550D31C78A1BB00695BF3 /* Frameworks */ = {
			isa = PBXFrameworksBuildPhase;
			buildActionMask = 2147483647;
			files = (
				2347DCB51D954D3200C311D8 /* Tapptitude.framework in Frameworks */,
			);
			runOnlyForDeploymentPostprocessing = 0;
		};
/* End PBXFrameworksBuildPhase section */

/* Begin PBXGroup section */
		2347DCB01D954D2900C311D8 /* Products */ = {
			isa = PBXGroup;
			children = (
				2347DCB41D954D2900C311D8 /* Tapptitude.framework */,
			);
			name = Products;
			sourceTree = "<group>";
		};
		2393482A1CA5D236005EB280 /* Test Cell */ = {
			isa = PBXGroup;
			children = (
				2355FF9A1CA3350D00D7B393 /* TextCell.xib */,
				2355FF9C1CA3355F00D7B393 /* TextCell.swift */,
				2355FF9E1CA3367900D7B393 /* TextCellController.swift */,
			);
			name = "Test Cell";
			sourceTree = "<group>";
		};
		23A550CD1C78A1BB00695BF3 = {
			isa = PBXGroup;
			children = (
				2347DCAF1D954D2900C311D8 /* Tapptitude.xcodeproj */,
				23A550D81C78A1BB00695BF3 /* TestTapptitude */,
				23A550D71C78A1BB00695BF3 /* Products */,
				A05335A950B7B6E805845470 /* Frameworks */,
			);
			sourceTree = "<group>";
		};
		23A550D71C78A1BB00695BF3 /* Products */ = {
			isa = PBXGroup;
			children = (
				23A550D61C78A1BB00695BF3 /* TestTapptitude.app */,
			);
			name = Products;
			sourceTree = "<group>";
		};
		23A550D81C78A1BB00695BF3 /* TestTapptitude */ = {
			isa = PBXGroup;
			children = (
				23A550D91C78A1BC00695BF3 /* AppDelegate.swift */,
				23A551101C78A32300695BF3 /* FeedController.swift */,
				23670E6B1DF95FDE0059D5AA /* ParallelFeedController.swift */,
				2393482B1CA5D268005EB280 /* API.swift */,
				2393482A1CA5D236005EB280 /* Test Cell */,
				23A550DD1C78A1BC00695BF3 /* Main.storyboard */,
				23A550E01C78A1BC00695BF3 /* Assets.xcassets */,
				23A550E21C78A1BC00695BF3 /* LaunchScreen.storyboard */,
				23A550E51C78A1BC00695BF3 /* Info.plist */,
			);
			path = TestTapptitude;
			sourceTree = "<group>";
		};
		A05335A950B7B6E805845470 /* Frameworks */ = {
			isa = PBXGroup;
			children = (
				B42782466A469DCD51ADB03C /* Pods.framework */,
			);
			name = Frameworks;
			sourceTree = "<group>";
		};
/* End PBXGroup section */

/* Begin PBXNativeTarget section */
		23A550D51C78A1BB00695BF3 /* TestTapptitude */ = {
			isa = PBXNativeTarget;
			buildConfigurationList = 23A550E81C78A1BC00695BF3 /* Build configuration list for PBXNativeTarget "TestTapptitude" */;
			buildPhases = (
				23A550D21C78A1BB00695BF3 /* Sources */,
				23A550D31C78A1BB00695BF3 /* Frameworks */,
				23A550D41C78A1BB00695BF3 /* Resources */,
			);
			buildRules = (
			);
			dependencies = (
			);
			name = TestTapptitude;
			productName = TestTapptitude;
			productReference = 23A550D61C78A1BB00695BF3 /* TestTapptitude.app */;
			productType = "com.apple.product-type.application";
		};
/* End PBXNativeTarget section */

/* Begin PBXProject section */
		23A550CE1C78A1BB00695BF3 /* Project object */ = {
			isa = PBXProject;
			attributes = {
				LastSwiftUpdateCheck = 0730;
				LastUpgradeCheck = 0810;
				ORGANIZATIONNAME = Tapptitude;
				TargetAttributes = {
					23A550D51C78A1BB00695BF3 = {
						CreatedOnToolsVersion = 7.3;
						LastSwiftMigration = 0810;
					};
				};
			};
			buildConfigurationList = 23A550D11C78A1BB00695BF3 /* Build configuration list for PBXProject "TestTapptitude" */;
			compatibilityVersion = "Xcode 3.2";
			developmentRegion = English;
			hasScannedForEncodings = 0;
			knownRegions = (
				en,
				Base,
			);
			mainGroup = 23A550CD1C78A1BB00695BF3;
			productRefGroup = 23A550D71C78A1BB00695BF3 /* Products */;
			projectDirPath = "";
			projectReferences = (
				{
					ProductGroup = 2347DCB01D954D2900C311D8 /* Products */;
					ProjectRef = 2347DCAF1D954D2900C311D8 /* Tapptitude.xcodeproj */;
				},
			);
			projectRoot = "";
			targets = (
				23A550D51C78A1BB00695BF3 /* TestTapptitude */,
			);
		};
/* End PBXProject section */

/* Begin PBXReferenceProxy section */
		2347DCB41D954D2900C311D8 /* Tapptitude.framework */ = {
			isa = PBXReferenceProxy;
			fileType = wrapper.framework;
			path = Tapptitude.framework;
			remoteRef = 2347DCB31D954D2900C311D8 /* PBXContainerItemProxy */;
			sourceTree = BUILT_PRODUCTS_DIR;
		};
/* End PBXReferenceProxy section */

/* Begin PBXResourcesBuildPhase section */
		23A550D41C78A1BB00695BF3 /* Resources */ = {
			isa = PBXResourcesBuildPhase;
			buildActionMask = 2147483647;
			files = (
				2355FF9B1CA3350D00D7B393 /* TextCell.xib in Resources */,
				23A550E41C78A1BC00695BF3 /* LaunchScreen.storyboard in Resources */,
				23A550E11C78A1BC00695BF3 /* Assets.xcassets in Resources */,
				23A550DF1C78A1BC00695BF3 /* Main.storyboard in Resources */,
			);
			runOnlyForDeploymentPostprocessing = 0;
		};
/* End PBXResourcesBuildPhase section */

/* Begin PBXSourcesBuildPhase section */
		23A550D21C78A1BB00695BF3 /* Sources */ = {
			isa = PBXSourcesBuildPhase;
			buildActionMask = 2147483647;
			files = (
				23670E6C1DF95FDE0059D5AA /* ParallelFeedController.swift in Sources */,
				2355FF9D1CA3355F00D7B393 /* TextCell.swift in Sources */,
				23A551111C78A32300695BF3 /* FeedController.swift in Sources */,
				23A550DA1C78A1BC00695BF3 /* AppDelegate.swift in Sources */,
				2355FF9F1CA3367900D7B393 /* TextCellController.swift in Sources */,
				2393482C1CA5D268005EB280 /* API.swift in Sources */,
			);
			runOnlyForDeploymentPostprocessing = 0;
		};
/* End PBXSourcesBuildPhase section */

/* Begin PBXVariantGroup section */
		23A550DD1C78A1BC00695BF3 /* Main.storyboard */ = {
			isa = PBXVariantGroup;
			children = (
				23A550DE1C78A1BC00695BF3 /* Base */,
			);
			name = Main.storyboard;
			sourceTree = "<group>";
		};
		23A550E21C78A1BC00695BF3 /* LaunchScreen.storyboard */ = {
			isa = PBXVariantGroup;
			children = (
				23A550E31C78A1BC00695BF3 /* Base */,
			);
			name = LaunchScreen.storyboard;
			sourceTree = "<group>";
		};
/* End PBXVariantGroup section */

/* Begin XCBuildConfiguration section */
		23A550E61C78A1BC00695BF3 /* Debug */ = {
			isa = XCBuildConfiguration;
			buildSettings = {
				ALWAYS_SEARCH_USER_PATHS = NO;
				CLANG_ANALYZER_NONNULL = YES;
				CLANG_CXX_LANGUAGE_STANDARD = "gnu++0x";
				CLANG_CXX_LIBRARY = "libc++";
				CLANG_ENABLE_MODULES = YES;
				CLANG_ENABLE_OBJC_ARC = YES;
				CLANG_WARN_BOOL_CONVERSION = YES;
				CLANG_WARN_CONSTANT_CONVERSION = YES;
				CLANG_WARN_DIRECT_OBJC_ISA_USAGE = YES_ERROR;
				CLANG_WARN_EMPTY_BODY = YES;
				CLANG_WARN_ENUM_CONVERSION = YES;
				CLANG_WARN_INFINITE_RECURSION = YES;
				CLANG_WARN_INT_CONVERSION = YES;
				CLANG_WARN_OBJC_ROOT_CLASS = YES_ERROR;
				CLANG_WARN_SUSPICIOUS_MOVE = YES;
				CLANG_WARN_UNREACHABLE_CODE = YES;
				CLANG_WARN__DUPLICATE_METHOD_MATCH = YES;
				"CODE_SIGN_IDENTITY[sdk=iphoneos*]" = "iPhone Developer";
				COPY_PHASE_STRIP = NO;
				DEBUG_INFORMATION_FORMAT = dwarf;
				ENABLE_STRICT_OBJC_MSGSEND = YES;
				ENABLE_TESTABILITY = YES;
				GCC_C_LANGUAGE_STANDARD = gnu99;
				GCC_DYNAMIC_NO_PIC = NO;
				GCC_NO_COMMON_BLOCKS = YES;
				GCC_OPTIMIZATION_LEVEL = 0;
				GCC_PREPROCESSOR_DEFINITIONS = (
					"DEBUG=1",
					"$(inherited)",
				);
				GCC_WARN_64_TO_32_BIT_CONVERSION = YES;
				GCC_WARN_ABOUT_RETURN_TYPE = YES_ERROR;
				GCC_WARN_UNDECLARED_SELECTOR = YES;
				GCC_WARN_UNINITIALIZED_AUTOS = YES_AGGRESSIVE;
				GCC_WARN_UNUSED_FUNCTION = YES;
				GCC_WARN_UNUSED_VARIABLE = YES;
				IPHONEOS_DEPLOYMENT_TARGET = 9.3;
				MTL_ENABLE_DEBUG_INFO = YES;
				ONLY_ACTIVE_ARCH = YES;
				SDKROOT = iphoneos;
				SWIFT_OPTIMIZATION_LEVEL = "-Onone";
			};
			name = Debug;
		};
		23A550E71C78A1BC00695BF3 /* Release */ = {
			isa = XCBuildConfiguration;
			buildSettings = {
				ALWAYS_SEARCH_USER_PATHS = NO;
				CLANG_ANALYZER_NONNULL = YES;
				CLANG_CXX_LANGUAGE_STANDARD = "gnu++0x";
				CLANG_CXX_LIBRARY = "libc++";
				CLANG_ENABLE_MODULES = YES;
				CLANG_ENABLE_OBJC_ARC = YES;
				CLANG_WARN_BOOL_CONVERSION = YES;
				CLANG_WARN_CONSTANT_CONVERSION = YES;
				CLANG_WARN_DIRECT_OBJC_ISA_USAGE = YES_ERROR;
				CLANG_WARN_EMPTY_BODY = YES;
				CLANG_WARN_ENUM_CONVERSION = YES;
				CLANG_WARN_INFINITE_RECURSION = YES;
				CLANG_WARN_INT_CONVERSION = YES;
				CLANG_WARN_OBJC_ROOT_CLASS = YES_ERROR;
				CLANG_WARN_SUSPICIOUS_MOVE = YES;
				CLANG_WARN_UNREACHABLE_CODE = YES;
				CLANG_WARN__DUPLICATE_METHOD_MATCH = YES;
				"CODE_SIGN_IDENTITY[sdk=iphoneos*]" = "iPhone Developer";
				COPY_PHASE_STRIP = NO;
				DEBUG_INFORMATION_FORMAT = "dwarf-with-dsym";
				ENABLE_NS_ASSERTIONS = NO;
				ENABLE_STRICT_OBJC_MSGSEND = YES;
				GCC_C_LANGUAGE_STANDARD = gnu99;
				GCC_NO_COMMON_BLOCKS = YES;
				GCC_WARN_64_TO_32_BIT_CONVERSION = YES;
				GCC_WARN_ABOUT_RETURN_TYPE = YES_ERROR;
				GCC_WARN_UNDECLARED_SELECTOR = YES;
				GCC_WARN_UNINITIALIZED_AUTOS = YES_AGGRESSIVE;
				GCC_WARN_UNUSED_FUNCTION = YES;
				GCC_WARN_UNUSED_VARIABLE = YES;
				IPHONEOS_DEPLOYMENT_TARGET = 9.3;
				MTL_ENABLE_DEBUG_INFO = NO;
				SDKROOT = iphoneos;
				SWIFT_OPTIMIZATION_LEVEL = "-Owholemodule";
				VALIDATE_PRODUCT = YES;
			};
			name = Release;
		};
		23A550E91C78A1BC00695BF3 /* Debug */ = {
			isa = XCBuildConfiguration;
			buildSettings = {
				ASSETCATALOG_COMPILER_APPICON_NAME = AppIcon;
				INFOPLIST_FILE = TestTapptitude/Info.plist;
				IPHONEOS_DEPLOYMENT_TARGET = 8.0;
				LD_RUNPATH_SEARCH_PATHS = "$(inherited) @executable_path/Frameworks";
				PRODUCT_BUNDLE_IDENTIFIER = com.tapptitude.TestTapptitude;
				PRODUCT_NAME = "$(TARGET_NAME)";
				SWIFT_VERSION = 3.0;
			};
			name = Debug;
		};
		23A550EA1C78A1BC00695BF3 /* Release */ = {
			isa = XCBuildConfiguration;
			buildSettings = {
				ASSETCATALOG_COMPILER_APPICON_NAME = AppIcon;
				INFOPLIST_FILE = TestTapptitude/Info.plist;
				IPHONEOS_DEPLOYMENT_TARGET = 8.0;
				LD_RUNPATH_SEARCH_PATHS = "$(inherited) @executable_path/Frameworks";
				PRODUCT_BUNDLE_IDENTIFIER = com.tapptitude.TestTapptitude;
				PRODUCT_NAME = "$(TARGET_NAME)";
				SWIFT_VERSION = 3.0;
			};
			name = Release;
		};
/* End XCBuildConfiguration section */

/* Begin XCConfigurationList section */
		23A550D11C78A1BB00695BF3 /* Build configuration list for PBXProject "TestTapptitude" */ = {
			isa = XCConfigurationList;
			buildConfigurations = (
				23A550E61C78A1BC00695BF3 /* Debug */,
				23A550E71C78A1BC00695BF3 /* Release */,
			);
			defaultConfigurationIsVisible = 0;
			defaultConfigurationName = Release;
		};
		23A550E81C78A1BC00695BF3 /* Build configuration list for PBXNativeTarget "TestTapptitude" */ = {
			isa = XCConfigurationList;
			buildConfigurations = (
				23A550E91C78A1BC00695BF3 /* Debug */,
				23A550EA1C78A1BC00695BF3 /* Release */,
			);
			defaultConfigurationIsVisible = 0;
			defaultConfigurationName = Release;
		};
/* End XCConfigurationList section */
	};
	rootObject = 23A550CE1C78A1BB00695BF3 /* Project object */;
}
