// !$*UTF8*$!
{
	archiveVersion = 1;
	classes = {
	};
	objectVersion = 46;
	objects = {

/* Begin PBXBuildFile section */
		2322500C1C81B53B00AA9C25 /* CollectionFeedController.swift in Headers */ = {isa = PBXBuildFile; fileRef = 232E26321C78BBF50074467C /* CollectionFeedController.swift */; settings = {ATTRIBUTES = (Public, ); }; };
		232C36601C74806500ADA5F5 /* CollectionCellControllerProtocol.swift in Sources */ = {isa = PBXBuildFile; fileRef = 232C365F1C74806500ADA5F5 /* CollectionCellControllerProtocol.swift */; };
		232C36621C7481B300ADA5F5 /* CollectionCellController.swift in Sources */ = {isa = PBXBuildFile; fileRef = 232C36611C7481B300ADA5F5 /* CollectionCellController.swift */; };
		232C36641C7482DC00ADA5F5 /* DataSourceProtocol.swift in Sources */ = {isa = PBXBuildFile; fileRef = 232C36631C7482DC00ADA5F5 /* DataSourceProtocol.swift */; };
		232C36661C74838700ADA5F5 /* DataFeedProtocol.swift in Sources */ = {isa = PBXBuildFile; fileRef = 232C36651C74838700ADA5F5 /* DataFeedProtocol.swift */; };
		232C36681C7483CB00ADA5F5 /* DataSource.swift in Sources */ = {isa = PBXBuildFile; fileRef = 232C36671C7483CB00ADA5F5 /* DataSource.swift */; };
		232C366A1C74A37800ADA5F5 /* CollectionFeedViewController.swift in Sources */ = {isa = PBXBuildFile; fileRef = 232C36691C74A37800ADA5F5 /* CollectionFeedViewController.swift */; };
		232C366C1C74A8F600ADA5F5 /* LoadMoreView.swift in Sources */ = {isa = PBXBuildFile; fileRef = 232C366B1C74A8F600ADA5F5 /* LoadMoreView.swift */; };
		232C366E1C74A93600ADA5F5 /* LoadMoreView.xib in Resources */ = {isa = PBXBuildFile; fileRef = 232C366D1C74A93600ADA5F5 /* LoadMoreView.xib */; };
		232E26331C78BBF50074467C /* CollectionFeedController.swift in Sources */ = {isa = PBXBuildFile; fileRef = 232E26321C78BBF50074467C /* CollectionFeedController.swift */; };
		234ECBF31C747FE800135CF9 /* tapptitude-swift.h in Headers */ = {isa = PBXBuildFile; fileRef = 234ECBF21C747FE800135CF9 /* tapptitude-swift.h */; settings = {ATTRIBUTES = (Public, ); }; };
		23A4F7231C78DE20006430BF /* DataFeed.swift in Sources */ = {isa = PBXBuildFile; fileRef = 23A4F7221C78DE20006430BF /* DataFeed.swift */; };
		23A4F7251C78E65B006430BF /* SimpleDataFeed.swift in Sources */ = {isa = PBXBuildFile; fileRef = 23A4F7241C78E65B006430BF /* SimpleDataFeed.swift */; };
		23A4F7271C78E8E6006430BF /* PaginatedDataFeed.swift in Sources */ = {isa = PBXBuildFile; fileRef = 23A4F7261C78E8E6006430BF /* PaginatedDataFeed.swift */; };
		23A550C31C78808600695BF3 /* CollectionCellControllerProtocol.swift in Headers */ = {isa = PBXBuildFile; fileRef = 232C365F1C74806500ADA5F5 /* CollectionCellControllerProtocol.swift */; settings = {ATTRIBUTES = (Public, ); }; };
		23A550C41C78808600695BF3 /* CollectionCellController.swift in Headers */ = {isa = PBXBuildFile; fileRef = 232C36611C7481B300ADA5F5 /* CollectionCellController.swift */; settings = {ATTRIBUTES = (Public, ); }; };
		23A550C51C78808600695BF3 /* DataSourceProtocol.swift in Headers */ = {isa = PBXBuildFile; fileRef = 232C36631C7482DC00ADA5F5 /* DataSourceProtocol.swift */; settings = {ATTRIBUTES = (Public, ); }; };
		23A550C61C78808600695BF3 /* DataSource.swift in Headers */ = {isa = PBXBuildFile; fileRef = 232C36671C7483CB00ADA5F5 /* DataSource.swift */; settings = {ATTRIBUTES = (Public, ); }; };
		23A550C71C78808600695BF3 /* DataFeedProtocol.swift in Headers */ = {isa = PBXBuildFile; fileRef = 232C36651C74838700ADA5F5 /* DataFeedProtocol.swift */; settings = {ATTRIBUTES = (Public, ); }; };
		23A550C81C78808600695BF3 /* CollectionFeedViewController.swift in Headers */ = {isa = PBXBuildFile; fileRef = 232C36691C74A37800ADA5F5 /* CollectionFeedViewController.swift */; settings = {ATTRIBUTES = (Public, ); }; };
		23A550C91C78808600695BF3 /* LoadMoreView.swift in Headers */ = {isa = PBXBuildFile; fileRef = 232C366B1C74A8F600ADA5F5 /* LoadMoreView.swift */; settings = {ATTRIBUTES = (Public, ); }; };
		23A550CC1C7886EA00695BF3 /* CollectionFeedController.xib in Resources */ = {isa = PBXBuildFile; fileRef = 23A550CB1C7886EA00695BF3 /* CollectionFeedController.xib */; };
		23CCFF5F1C81B8B2001D6D54 /* CollectionViewAnimatedUpdater.swift in Sources */ = {isa = PBXBuildFile; fileRef = 23CCFF5E1C81B8B2001D6D54 /* CollectionViewAnimatedUpdater.swift */; };
/* End PBXBuildFile section */

/* Begin PBXFileReference section */
		232C365F1C74806500ADA5F5 /* CollectionCellControllerProtocol.swift */ = {isa = PBXFileReference; fileEncoding = 4; lastKnownFileType = sourcecode.swift; path = CollectionCellControllerProtocol.swift; sourceTree = "<group>"; };
		232C36611C7481B300ADA5F5 /* CollectionCellController.swift */ = {isa = PBXFileReference; fileEncoding = 4; lastKnownFileType = sourcecode.swift; path = CollectionCellController.swift; sourceTree = "<group>"; };
		232C36631C7482DC00ADA5F5 /* DataSourceProtocol.swift */ = {isa = PBXFileReference; fileEncoding = 4; lastKnownFileType = sourcecode.swift; path = DataSourceProtocol.swift; sourceTree = "<group>"; };
		232C36651C74838700ADA5F5 /* DataFeedProtocol.swift */ = {isa = PBXFileReference; fileEncoding = 4; lastKnownFileType = sourcecode.swift; path = DataFeedProtocol.swift; sourceTree = "<group>"; };
		232C36671C7483CB00ADA5F5 /* DataSource.swift */ = {isa = PBXFileReference; fileEncoding = 4; lastKnownFileType = sourcecode.swift; path = DataSource.swift; sourceTree = "<group>"; };
		232C36691C74A37800ADA5F5 /* CollectionFeedViewController.swift */ = {isa = PBXFileReference; fileEncoding = 4; lastKnownFileType = sourcecode.swift; path = CollectionFeedViewController.swift; sourceTree = "<group>"; };
		232C366B1C74A8F600ADA5F5 /* LoadMoreView.swift */ = {isa = PBXFileReference; fileEncoding = 4; lastKnownFileType = sourcecode.swift; path = LoadMoreView.swift; sourceTree = "<group>"; };
		232C366D1C74A93600ADA5F5 /* LoadMoreView.xib */ = {isa = PBXFileReference; fileEncoding = 4; lastKnownFileType = file.xib; path = LoadMoreView.xib; sourceTree = "<group>"; };
		232E26321C78BBF50074467C /* CollectionFeedController.swift */ = {isa = PBXFileReference; fileEncoding = 4; lastKnownFileType = sourcecode.swift; path = CollectionFeedController.swift; sourceTree = "<group>"; };
		234ECBEF1C747FE800135CF9 /* Tapptitude.framework */ = {isa = PBXFileReference; explicitFileType = wrapper.framework; includeInIndex = 0; path = Tapptitude.framework; sourceTree = BUILT_PRODUCTS_DIR; };
		234ECBF21C747FE800135CF9 /* tapptitude-swift.h */ = {isa = PBXFileReference; lastKnownFileType = sourcecode.c.h; path = "tapptitude-swift.h"; sourceTree = "<group>"; };
		234ECBF41C747FE800135CF9 /* Info.plist */ = {isa = PBXFileReference; lastKnownFileType = text.plist.xml; path = Info.plist; sourceTree = "<group>"; };
		23A4F7221C78DE20006430BF /* DataFeed.swift */ = {isa = PBXFileReference; fileEncoding = 4; lastKnownFileType = sourcecode.swift; path = DataFeed.swift; sourceTree = "<group>"; };
		23A4F7241C78E65B006430BF /* SimpleDataFeed.swift */ = {isa = PBXFileReference; fileEncoding = 4; lastKnownFileType = sourcecode.swift; path = SimpleDataFeed.swift; sourceTree = "<group>"; };
		23A4F7261C78E8E6006430BF /* PaginatedDataFeed.swift */ = {isa = PBXFileReference; fileEncoding = 4; lastKnownFileType = sourcecode.swift; path = PaginatedDataFeed.swift; sourceTree = "<group>"; };
		23A550CB1C7886EA00695BF3 /* CollectionFeedController.xib */ = {isa = PBXFileReference; fileEncoding = 4; lastKnownFileType = file.xib; path = CollectionFeedController.xib; sourceTree = "<group>"; };
		23CCFF5E1C81B8B2001D6D54 /* CollectionViewAnimatedUpdater.swift */ = {isa = PBXFileReference; fileEncoding = 4; lastKnownFileType = sourcecode.swift; path = CollectionViewAnimatedUpdater.swift; sourceTree = "<group>"; };
/* End PBXFileReference section */

/* Begin PBXFrameworksBuildPhase section */
		234ECBEB1C747FE800135CF9 /* Frameworks */ = {
			isa = PBXFrameworksBuildPhase;
			buildActionMask = 2147483647;
			files = (
			);
			runOnlyForDeploymentPostprocessing = 0;
		};
/* End PBXFrameworksBuildPhase section */

/* Begin PBXGroup section */
		234ECBE51C747FE800135CF9 = {
			isa = PBXGroup;
			children = (
				234ECBF11C747FE800135CF9 /* tapptitude-swift */,
				234ECBF01C747FE800135CF9 /* Products */,
			);
			sourceTree = "<group>";
		};
		234ECBF01C747FE800135CF9 /* Products */ = {
			isa = PBXGroup;
			children = (
				234ECBEF1C747FE800135CF9 /* Tapptitude.framework */,
			);
			name = Products;
			sourceTree = "<group>";
		};
		234ECBF11C747FE800135CF9 /* tapptitude-swift */ = {
			isa = PBXGroup;
			children = (
				234ECBF21C747FE800135CF9 /* tapptitude-swift.h */,
				234ECBF41C747FE800135CF9 /* Info.plist */,
				232C365F1C74806500ADA5F5 /* CollectionCellControllerProtocol.swift */,
				232C36611C7481B300ADA5F5 /* CollectionCellController.swift */,
				232C36631C7482DC00ADA5F5 /* DataSourceProtocol.swift */,
				232C36671C7483CB00ADA5F5 /* DataSource.swift */,
				232C36651C74838700ADA5F5 /* DataFeedProtocol.swift */,
				23A4F7221C78DE20006430BF /* DataFeed.swift */,
				23A4F7241C78E65B006430BF /* SimpleDataFeed.swift */,
				23A4F7261C78E8E6006430BF /* PaginatedDataFeed.swift */,
				232C36691C74A37800ADA5F5 /* CollectionFeedViewController.swift */,
				232E26321C78BBF50074467C /* CollectionFeedController.swift */,
				23A550CB1C7886EA00695BF3 /* CollectionFeedController.xib */,
				232C366B1C74A8F600ADA5F5 /* LoadMoreView.swift */,
				232C366D1C74A93600ADA5F5 /* LoadMoreView.xib */,
				23CCFF5E1C81B8B2001D6D54 /* CollectionViewAnimatedUpdater.swift */,
			);
			path = "tapptitude-swift";
			sourceTree = "<group>";
		};
/* End PBXGroup section */

/* Begin PBXHeadersBuildPhase section */
		234ECBEC1C747FE800135CF9 /* Headers */ = {
			isa = PBXHeadersBuildPhase;
			buildActionMask = 2147483647;
			files = (
				234ECBF31C747FE800135CF9 /* tapptitude-swift.h in Headers */,
				23A550C31C78808600695BF3 /* CollectionCellControllerProtocol.swift in Headers */,
				23A550C41C78808600695BF3 /* CollectionCellController.swift in Headers */,
				23A550C51C78808600695BF3 /* DataSourceProtocol.swift in Headers */,
				23A550C61C78808600695BF3 /* DataSource.swift in Headers */,
				23A550C71C78808600695BF3 /* DataFeedProtocol.swift in Headers */,
				23A550C81C78808600695BF3 /* CollectionFeedViewController.swift in Headers */,
				2322500C1C81B53B00AA9C25 /* CollectionFeedController.swift in Headers */,
				23A550C91C78808600695BF3 /* LoadMoreView.swift in Headers */,
			);
			runOnlyForDeploymentPostprocessing = 0;
		};
/* End PBXHeadersBuildPhase section */

/* Begin PBXNativeTarget section */
		234ECBEE1C747FE800135CF9 /* Tapptitude */ = {
			isa = PBXNativeTarget;
			buildConfigurationList = 234ECBF71C747FE800135CF9 /* Build configuration list for PBXNativeTarget "Tapptitude" */;
			buildPhases = (
				234ECBEA1C747FE800135CF9 /* Sources */,
				234ECBEB1C747FE800135CF9 /* Frameworks */,
				234ECBEC1C747FE800135CF9 /* Headers */,
				234ECBED1C747FE800135CF9 /* Resources */,
			);
			buildRules = (
			);
			dependencies = (
			);
			name = Tapptitude;
			productName = "tapptitude-swift";
			productReference = 234ECBEF1C747FE800135CF9 /* Tapptitude.framework */;
			productType = "com.apple.product-type.framework";
		};
/* End PBXNativeTarget section */

/* Begin PBXProject section */
		234ECBE61C747FE800135CF9 /* Project object */ = {
			isa = PBXProject;
			attributes = {
				LastSwiftUpdateCheck = 0730;
				LastUpgradeCheck = 0720;
				ORGANIZATIONNAME = Tapptitude;
				TargetAttributes = {
					234ECBEE1C747FE800135CF9 = {
						CreatedOnToolsVersion = 7.2;
					};
				};
			};
			buildConfigurationList = 234ECBE91C747FE800135CF9 /* Build configuration list for PBXProject "tapptitude-swift" */;
			compatibilityVersion = "Xcode 3.2";
			developmentRegion = English;
			hasScannedForEncodings = 0;
			knownRegions = (
				en,
			);
			mainGroup = 234ECBE51C747FE800135CF9;
			productRefGroup = 234ECBF01C747FE800135CF9 /* Products */;
			projectDirPath = "";
			projectRoot = "";
			targets = (
				234ECBEE1C747FE800135CF9 /* Tapptitude */,
			);
		};
/* End PBXProject section */

/* Begin PBXResourcesBuildPhase section */
		234ECBED1C747FE800135CF9 /* Resources */ = {
			isa = PBXResourcesBuildPhase;
			buildActionMask = 2147483647;
			files = (
				23A550CC1C7886EA00695BF3 /* CollectionFeedController.xib in Resources */,
				232C366E1C74A93600ADA5F5 /* LoadMoreView.xib in Resources */,
			);
			runOnlyForDeploymentPostprocessing = 0;
		};
/* End PBXResourcesBuildPhase section */

/* Begin PBXSourcesBuildPhase section */
		234ECBEA1C747FE800135CF9 /* Sources */ = {
			isa = PBXSourcesBuildPhase;
			buildActionMask = 2147483647;
			files = (
				232C36641C7482DC00ADA5F5 /* DataSourceProtocol.swift in Sources */,
				232C36661C74838700ADA5F5 /* DataFeedProtocol.swift in Sources */,
				232C36601C74806500ADA5F5 /* CollectionCellControllerProtocol.swift in Sources */,
				23A4F7231C78DE20006430BF /* DataFeed.swift in Sources */,
				232C36681C7483CB00ADA5F5 /* DataSource.swift in Sources */,
				232C36621C7481B300ADA5F5 /* CollectionCellController.swift in Sources */,
				232E26331C78BBF50074467C /* CollectionFeedController.swift in Sources */,
				232C366A1C74A37800ADA5F5 /* CollectionFeedViewController.swift in Sources */,
				232C366C1C74A8F600ADA5F5 /* LoadMoreView.swift in Sources */,
				23CCFF5F1C81B8B2001D6D54 /* CollectionViewAnimatedUpdater.swift in Sources */,
				23A4F7251C78E65B006430BF /* SimpleDataFeed.swift in Sources */,
				23A4F7271C78E8E6006430BF /* PaginatedDataFeed.swift in Sources */,
			);
			runOnlyForDeploymentPostprocessing = 0;
		};
/* End PBXSourcesBuildPhase section */

/* Begin XCBuildConfiguration section */
		234ECBF51C747FE800135CF9 /* Debug */ = {
			isa = XCBuildConfiguration;
			buildSettings = {
				ALWAYS_SEARCH_USER_PATHS = NO;
				CLANG_CXX_LANGUAGE_STANDARD = "gnu++0x";
				CLANG_CXX_LIBRARY = "libc++";
				CLANG_ENABLE_MODULES = YES;
				CLANG_ENABLE_OBJC_ARC = YES;
				CLANG_WARN_BOOL_CONVERSION = YES;
				CLANG_WARN_CONSTANT_CONVERSION = YES;
				CLANG_WARN_DIRECT_OBJC_ISA_USAGE = YES_ERROR;
				CLANG_WARN_EMPTY_BODY = YES;
				CLANG_WARN_ENUM_CONVERSION = YES;
				CLANG_WARN_INT_CONVERSION = YES;
				CLANG_WARN_OBJC_ROOT_CLASS = YES_ERROR;
				CLANG_WARN_UNREACHABLE_CODE = YES;
				CLANG_WARN__DUPLICATE_METHOD_MATCH = YES;
				"CODE_SIGN_IDENTITY[sdk=iphoneos*]" = "iPhone Developer";
				COPY_PHASE_STRIP = NO;
				CURRENT_PROJECT_VERSION = 1;
				DEBUG_INFORMATION_FORMAT = dwarf;
				ENABLE_STRICT_OBJC_MSGSEND = YES;
				ENABLE_TESTABILITY = YES;
				GCC_C_LANGUAGE_STANDARD = gnu99;
				GCC_DYNAMIC_NO_PIC = NO;
				GCC_NO_COMMON_BLOCKS = YES;
				GCC_OPTIMIZATION_LEVEL = 0;
				GCC_PREPROCESSOR_DEFINITIONS = (
					"DEBUG=1",
					"$(inherited)",
				);
				GCC_WARN_64_TO_32_BIT_CONVERSION = YES;
				GCC_WARN_ABOUT_RETURN_TYPE = YES_ERROR;
				GCC_WARN_UNDECLARED_SELECTOR = YES;
				GCC_WARN_UNINITIALIZED_AUTOS = YES_AGGRESSIVE;
				GCC_WARN_UNUSED_FUNCTION = YES;
				GCC_WARN_UNUSED_VARIABLE = YES;
				IPHONEOS_DEPLOYMENT_TARGET = 9.2;
				MTL_ENABLE_DEBUG_INFO = YES;
				ONLY_ACTIVE_ARCH = YES;
				SDKROOT = iphoneos;
				SWIFT_OPTIMIZATION_LEVEL = "-Onone";
				TARGETED_DEVICE_FAMILY = "1,2";
				VERSIONING_SYSTEM = "apple-generic";
				VERSION_INFO_PREFIX = "";
			};
			name = Debug;
		};
		234ECBF61C747FE800135CF9 /* Release */ = {
			isa = XCBuildConfiguration;
			buildSettings = {
				ALWAYS_SEARCH_USER_PATHS = NO;
				CLANG_CXX_LANGUAGE_STANDARD = "gnu++0x";
				CLANG_CXX_LIBRARY = "libc++";
				CLANG_ENABLE_MODULES = YES;
				CLANG_ENABLE_OBJC_ARC = YES;
				CLANG_WARN_BOOL_CONVERSION = YES;
				CLANG_WARN_CONSTANT_CONVERSION = YES;
				CLANG_WARN_DIRECT_OBJC_ISA_USAGE = YES_ERROR;
				CLANG_WARN_EMPTY_BODY = YES;
				CLANG_WARN_ENUM_CONVERSION = YES;
				CLANG_WARN_INT_CONVERSION = YES;
				CLANG_WARN_OBJC_ROOT_CLASS = YES_ERROR;
				CLANG_WARN_UNREACHABLE_CODE = YES;
				CLANG_WARN__DUPLICATE_METHOD_MATCH = YES;
				"CODE_SIGN_IDENTITY[sdk=iphoneos*]" = "iPhone Developer";
				COPY_PHASE_STRIP = NO;
				CURRENT_PROJECT_VERSION = 1;
				DEBUG_INFORMATION_FORMAT = "dwarf-with-dsym";
				ENABLE_NS_ASSERTIONS = NO;
				ENABLE_STRICT_OBJC_MSGSEND = YES;
				GCC_C_LANGUAGE_STANDARD = gnu99;
				GCC_NO_COMMON_BLOCKS = YES;
				GCC_WARN_64_TO_32_BIT_CONVERSION = YES;
				GCC_WARN_ABOUT_RETURN_TYPE = YES_ERROR;
				GCC_WARN_UNDECLARED_SELECTOR = YES;
				GCC_WARN_UNINITIALIZED_AUTOS = YES_AGGRESSIVE;
				GCC_WARN_UNUSED_FUNCTION = YES;
				GCC_WARN_UNUSED_VARIABLE = YES;
				IPHONEOS_DEPLOYMENT_TARGET = 9.2;
				MTL_ENABLE_DEBUG_INFO = NO;
				SDKROOT = iphoneos;
				TARGETED_DEVICE_FAMILY = "1,2";
				VALIDATE_PRODUCT = YES;
				VERSIONING_SYSTEM = "apple-generic";
				VERSION_INFO_PREFIX = "";
			};
			name = Release;
		};
		234ECBF81C747FE800135CF9 /* Debug */ = {
			isa = XCBuildConfiguration;
			buildSettings = {
				CLANG_ENABLE_MODULES = YES;
				DEFINES_MODULE = YES;
				DYLIB_COMPATIBILITY_VERSION = 1;
				DYLIB_CURRENT_VERSION = 1;
				DYLIB_INSTALL_NAME_BASE = "@rpath";
				INFOPLIST_FILE = "tapptitude-swift/Info.plist";
				INSTALL_PATH = "$(LOCAL_LIBRARY_DIR)/Frameworks";
				IPHONEOS_DEPLOYMENT_TARGET = 8.0;
				LD_RUNPATH_SEARCH_PATHS = "$(inherited) @executable_path/Frameworks @loader_path/Frameworks";
				PRODUCT_BUNDLE_IDENTIFIER = "com.tapptitude.tapptitude-swift";
				PRODUCT_NAME = "$(TARGET_NAME)";
				SKIP_INSTALL = YES;
				SWIFT_OPTIMIZATION_LEVEL = "-Onone";
			};
			name = Debug;
		};
		234ECBF91C747FE800135CF9 /* Release */ = {
			isa = XCBuildConfiguration;
			buildSettings = {
				CLANG_ENABLE_MODULES = YES;
				DEFINES_MODULE = YES;
				DYLIB_COMPATIBILITY_VERSION = 1;
				DYLIB_CURRENT_VERSION = 1;
				DYLIB_INSTALL_NAME_BASE = "@rpath";
				INFOPLIST_FILE = "tapptitude-swift/Info.plist";
				INSTALL_PATH = "$(LOCAL_LIBRARY_DIR)/Frameworks";
				IPHONEOS_DEPLOYMENT_TARGET = 8.0;
				LD_RUNPATH_SEARCH_PATHS = "$(inherited) @executable_path/Frameworks @loader_path/Frameworks";
				PRODUCT_BUNDLE_IDENTIFIER = "com.tapptitude.tapptitude-swift";
				PRODUCT_NAME = "$(TARGET_NAME)";
				SKIP_INSTALL = YES;
			};
			name = Release;
		};
/* End XCBuildConfiguration section */

/* Begin XCConfigurationList section */
		234ECBE91C747FE800135CF9 /* Build configuration list for PBXProject "tapptitude-swift" */ = {
			isa = XCConfigurationList;
			buildConfigurations = (
				234ECBF51C747FE800135CF9 /* Debug */,
				234ECBF61C747FE800135CF9 /* Release */,
			);
			defaultConfigurationIsVisible = 0;
			defaultConfigurationName = Release;
		};
		234ECBF71C747FE800135CF9 /* Build configuration list for PBXNativeTarget "Tapptitude" */ = {
			isa = XCConfigurationList;
			buildConfigurations = (
				234ECBF81C747FE800135CF9 /* Debug */,
				234ECBF91C747FE800135CF9 /* Release */,
			);
			defaultConfigurationIsVisible = 0;
			defaultConfigurationName = Release;
		};
/* End XCConfigurationList section */
	};
	rootObject = 234ECBE61C747FE800135CF9 /* Project object */;
}
